
Microsoft Visual Studio Solution File, Format Version 12.00
# Visual Studio Version 16
VisualStudioVersion = 16.0.29806.167
MinimumVisualStudioVersion = 10.0.40219.1
Project("{9A19103F-16F7-4668-BE54-9A1E7A4F7556}") = "Algorithms", "Algorithms\Algorithms.csproj", "{5BD8AFD8-B47E-4902-971C-E599921F49F9}"
EndProject
Project("{9A19103F-16F7-4668-BE54-9A1E7A4F7556}") = "AlgorithmsTest", "AlgorithmsTest\AlgorithmsTest.csproj", "{BCD65E70-9E97-4FAA-A0D4-3921AB9817F8}"
EndProject
Project("{9A19103F-16F7-4668-BE54-9A1E7A4F7556}") = "LeetCode", "LeetCode\LeetCode.csproj", "{BA090F88-A9B5-4B34-AFCA-8F3B71562DCE}"
EndProject
Project("{9A19103F-16F7-4668-BE54-9A1E7A4F7556}") = "LeetCode.Test", "LeetCode.Test\LeetCode.Test.csproj", "{83F0182B-402B-406B-8FA6-4D41D671B8BE}"
EndProject
Project("{FAE04EC0-301F-11D3-BF4B-00C04F79EFBC}") = "LeetCodeTestRunner", "LeetCodeTestRunner\LeetCodeTestRunner.csproj", "{FE680E2A-1499-4C1A-86D9-33C023C86420}"
EndProject
Global
	GlobalSection(SolutionConfigurationPlatforms) = preSolution
		Debug|Any CPU = Debug|Any CPU
		Release|Any CPU = Release|Any CPU
	EndGlobalSection
	GlobalSection(ProjectConfigurationPlatforms) = postSolution
		{5BD8AFD8-B47E-4902-971C-E599921F49F9}.Debug|Any CPU.ActiveCfg = Debug|Any CPU
		{5BD8AFD8-B47E-4902-971C-E599921F49F9}.Debug|Any CPU.Build.0 = Debug|Any CPU
		{5BD8AFD8-B47E-4902-971C-E599921F49F9}.Release|Any CPU.ActiveCfg = Release|Any CPU
		{5BD8AFD8-B47E-4902-971C-E599921F49F9}.Release|Any CPU.Build.0 = Release|Any CPU
		{BCD65E70-9E97-4FAA-A0D4-3921AB9817F8}.Debug|Any CPU.ActiveCfg = Debug|Any CPU
		{BCD65E70-9E97-4FAA-A0D4-3921AB9817F8}.Debug|Any CPU.Build.0 = Debug|Any CPU
		{BCD65E70-9E97-4FAA-A0D4-3921AB9817F8}.Release|Any CPU.ActiveCfg = Release|Any CPU
		{BCD65E70-9E97-4FAA-A0D4-3921AB9817F8}.Release|Any CPU.Build.0 = Release|Any CPU
		{BA090F88-A9B5-4B34-AFCA-8F3B71562DCE}.Debug|Any CPU.ActiveCfg = Debug|Any CPU
		{BA090F88-A9B5-4B34-AFCA-8F3B71562DCE}.Debug|Any CPU.Build.0 = Debug|Any CPU
		{BA090F88-A9B5-4B34-AFCA-8F3B71562DCE}.Release|Any CPU.ActiveCfg = Release|Any CPU
		{BA090F88-A9B5-4B34-AFCA-8F3B71562DCE}.Release|Any CPU.Build.0 = Release|Any CPU
		{83F0182B-402B-406B-8FA6-4D41D671B8BE}.Debug|Any CPU.ActiveCfg = Debug|Any CPU
		{83F0182B-402B-406B-8FA6-4D41D671B8BE}.Debug|Any CPU.Build.0 = Debug|Any CPU
		{83F0182B-402B-406B-8FA6-4D41D671B8BE}.Release|Any CPU.ActiveCfg = Release|Any CPU
		{83F0182B-402B-406B-8FA6-4D41D671B8BE}.Release|Any CPU.Build.0 = Release|Any CPU
		{FE680E2A-1499-4C1A-86D9-33C023C86420}.Debug|Any CPU.ActiveCfg = Debug|Any CPU
		{FE680E2A-1499-4C1A-86D9-33C023C86420}.Debug|Any CPU.Build.0 = Debug|Any CPU
		{FE680E2A-1499-4C1A-86D9-33C023C86420}.Release|Any CPU.ActiveCfg = Release|Any CPU
		{FE680E2A-1499-4C1A-86D9-33C023C86420}.Release|Any CPU.Build.0 = Release|Any CPU
	EndGlobalSection
	GlobalSection(SolutionProperties) = preSolution
		HideSolutionNode = FALSE
	EndGlobalSection
	GlobalSection(ExtensibilityGlobals) = postSolution
		SolutionGuid = {F49E9262-F57C-4C6E-AF80-622E226B906D}
	EndGlobalSection
EndGlobal
